
Microsoft Visual Studio Solution File, Format Version 12.00
# Visual Studio Version 17
VisualStudioVersion = 17.0.32112.339
MinimumVisualStudioVersion = 10.0.40219.1
Project("{8BC9CEB8-8B4A-11D0-8D11-00A0C91BC942}") = "ZTM_GUI", "ZTM_GUI.vcxproj", "{9A5B835A-8313-4AD9-81CE-B008C6FCD2C1}"
EndProject
Global
	GlobalSection(SolutionConfigurationPlatforms) = preSolution
		Debug Dynamic|x64 = Debug Dynamic|x64
		Debug Dynamic|x86 = Debug Dynamic|x86
		Debug Static|x64 = Debug Static|x64
		Debug Static|x86 = Debug Static|x86
		Release Dynamic|x64 = Release Dynamic|x64
		Release Dynamic|x86 = Release Dynamic|x86
		Release Static|x64 = Release Static|x64
		Release Static|x86 = Release Static|x86
	EndGlobalSection
	GlobalSection(ProjectConfigurationPlatforms) = postSolution
		{9A5B835A-8313-4AD9-81CE-B008C6FCD2C1}.Debug Dynamic|x64.ActiveCfg = Debug Dynamic|x64
		{9A5B835A-8313-4AD9-81CE-B008C6FCD2C1}.Debug Dynamic|x64.Build.0 = Debug Dynamic|x64
		{9A5B835A-8313-4AD9-81CE-B008C6FCD2C1}.Debug Dynamic|x86.ActiveCfg = Debug Dynamic|Win32
		{9A5B835A-8313-4AD9-81CE-B008C6FCD2C1}.Debug Dynamic|x86.Build.0 = Debug Dynamic|Win32
		{9A5B835A-8313-4AD9-81CE-B008C6FCD2C1}.Debug Static|x64.ActiveCfg = Debug Static|x64
		{9A5B835A-8313-4AD9-81CE-B008C6FCD2C1}.Debug Static|x64.Build.0 = Debug Static|x64
		{9A5B835A-8313-4AD9-81CE-B008C6FCD2C1}.Debug Static|x86.ActiveCfg = Debug Static|Win32
		{9A5B835A-8313-4AD9-81CE-B008C6FCD2C1}.Debug Static|x86.Build.0 = Debug Static|Win32
		{9A5B835A-8313-4AD9-81CE-B008C6FCD2C1}.Release Dynamic|x64.ActiveCfg = Release Dynamic|x64
		{9A5B835A-8313-4AD9-81CE-B008C6FCD2C1}.Release Dynamic|x64.Build.0 = Release Dynamic|x64
		{9A5B835A-8313-4AD9-81CE-B008C6FCD2C1}.Release Dynamic|x86.ActiveCfg = Release Dynamic|Win32
		{9A5B835A-8313-4AD9-81CE-B008C6FCD2C1}.Release Dynamic|x86.Build.0 = Release Dynamic|Win32
		{9A5B835A-8313-4AD9-81CE-B008C6FCD2C1}.Release Static|x64.ActiveCfg = Release Static|x64
		{9A5B835A-8313-4AD9-81CE-B008C6FCD2C1}.Release Static|x64.Build.0 = Release Static|x64
		{9A5B835A-8313-4AD9-81CE-B008C6FCD2C1}.Release Static|x86.ActiveCfg = Release Static|Win32
		{9A5B835A-8313-4AD9-81CE-B008C6FCD2C1}.Release Static|x86.Build.0 = Release Static|Win32
	EndGlobalSection
	GlobalSection(SolutionProperties) = preSolution
		HideSolutionNode = FALSE
	EndGlobalSection
	GlobalSection(ExtensibilityGlobals) = postSolution
		SolutionGuid = {D0BCD528-FD7C-462F-966A-F399CE17D9AF}
	EndGlobalSection
EndGlobal
